
Microsoft Visual Studio Solution File, Format Version 12.00
# Visual Studio Version 16
VisualStudioVersion = 16.0.30225.117
MinimumVisualStudioVersion = 10.0.40219.1
Project("{FAE04EC0-301F-11D3-BF4B-00C04F79EFBC}") = "SalesWeb", "SalesWeb\SalesWeb.csproj", "{4DAD9AB0-D4E4-47A1-B697-68231970F291}"
EndProject
Global
	GlobalSection(SolutionConfigurationPlatforms) = preSolution
		Debug|Any CPU = Debug|Any CPU
		Release|Any CPU = Release|Any CPU
	EndGlobalSection
	GlobalSection(ProjectConfigurationPlatforms) = postSolution
		{4DAD9AB0-D4E4-47A1-B697-68231970F291}.Debug|Any CPU.ActiveCfg = Debug|Any CPU
		{4DAD9AB0-D4E4-47A1-B697-68231970F291}.Debug|Any CPU.Build.0 = Debug|Any CPU
		{4DAD9AB0-D4E4-47A1-B697-68231970F291}.Release|Any CPU.ActiveCfg = Release|Any CPU
		{4DAD9AB0-D4E4-47A1-B697-68231970F291}.Release|Any CPU.Build.0 = Release|Any CPU
	EndGlobalSection
	GlobalSection(SolutionProperties) = preSolution
		HideSolutionNode = FALSE
	EndGlobalSection
	GlobalSection(ExtensibilityGlobals) = postSolution
		SolutionGuid = {CE2F2DE0-4E31-401D-BB50-BA1ED5393D40}
	EndGlobalSection
EndGlobal
